{
  "name": "dynamic-ui-framework",
  "version": "1.0.0",
  "lockfileVersion": 1,
  "requires": true,
  "dependencies": {
    "@types/css-font-loading-module": {
      "version": "0.0.6",
      "resolved": "https://registry.npmjs.org/@types/css-font-loading-module/-/css-font-loading-module-0.0.6.tgz",
      "integrity": "sha512-MBvSMSxXFtIukyXRU3HhzL369rIWaqMVQD5kmDCYIFFD6Fe3lJ4c9UnLD02MLdTp7Z6ti7rO3SQtuDo7C80mmw==",
      "dev": true
    }
  }
}
