{
  "name": "dynamic-ui-framework",
  "version": "1.0.0",
  "lockfileVersion": 1,
  "requires": true,
  "dependencies": {
    "@interactjs/types": {
      "version": "1.10.11",
      "resolved": "https://registry.npmjs.org/@interactjs/types/-/types-1.10.11.tgz",
      "integrity": "sha512-YRsVFWjL8Gkkvlx3qnjeaxW4fnibSJ9791g8BA7Pv5ANByI64WmtR1vU7A2rXcrOn8XvyCEfY0ss1s8NhZP+MA==",
      "dev": true
    },
    "@types/css-font-loading-module": {
      "version": "0.0.6",
      "resolved": "https://registry.npmjs.org/@types/css-font-loading-module/-/css-font-loading-module-0.0.6.tgz",
      "integrity": "sha512-MBvSMSxXFtIukyXRU3HhzL369rIWaqMVQD5kmDCYIFFD6Fe3lJ4c9UnLD02MLdTp7Z6ti7rO3SQtuDo7C80mmw==",
      "dev": true
    },
    "@types/webfontloader": {
      "version": "1.6.33",
      "resolved": "https://registry.npmjs.org/@types/webfontloader/-/webfontloader-1.6.33.tgz",
      "integrity": "sha512-2oOYQp0UBo/+NFsxdlF9ZwS1rq1q/wGnLsZMN7X+/xArRZoLPQhOGecesaRYJ2uhHyJ53TgitDORu2IV47FhHw=="
    }
  }
}
